
Microsoft Visual Studio Solution File, Format Version 12.00
# Visual Studio Version 17
VisualStudioVersion = 17.10.35013.160
MinimumVisualStudioVersion = 10.0.40219.1
Project("{8BC9CEB8-8B4A-11D0-8D11-00A0C91BC942}") = "LearningWXWidgets", "LearningWXWidgets.vcxproj", "{5437FE57-D5BE-4134-BA5C-F5BBAC3700FF}"
EndProject
Global
	GlobalSection(SolutionConfigurationPlatforms) = preSolution
		Debug|x64 = Debug|x64
		Debug|x86 = Debug|x86
		Release|x64 = Release|x64
		Release|x86 = Release|x86
	EndGlobalSection
	GlobalSection(ProjectConfigurationPlatforms) = postSolution
		{5437FE57-D5BE-4134-BA5C-F5BBAC3700FF}.Debug|x64.ActiveCfg = Debug|x64
		{5437FE57-D5BE-4134-BA5C-F5BBAC3700FF}.Debug|x64.Build.0 = Debug|x64
		{5437FE57-D5BE-4134-BA5C-F5BBAC3700FF}.Debug|x86.ActiveCfg = Debug|Win32
		{5437FE57-D5BE-4134-BA5C-F5BBAC3700FF}.Debug|x86.Build.0 = Debug|Win32
		{5437FE57-D5BE-4134-BA5C-F5BBAC3700FF}.Release|x64.ActiveCfg = Release|x64
		{5437FE57-D5BE-4134-BA5C-F5BBAC3700FF}.Release|x64.Build.0 = Release|x64
		{5437FE57-D5BE-4134-BA5C-F5BBAC3700FF}.Release|x86.ActiveCfg = Release|Win32
		{5437FE57-D5BE-4134-BA5C-F5BBAC3700FF}.Release|x86.Build.0 = Release|Win32
	EndGlobalSection
	GlobalSection(SolutionProperties) = preSolution
		HideSolutionNode = FALSE
	EndGlobalSection
	GlobalSection(ExtensibilityGlobals) = postSolution
		SolutionGuid = {3FCF6765-9B6F-47C9-BE5E-3658ACE6D6F6}
	EndGlobalSection
EndGlobal
